
Microsoft Visual Studio Solution File, Format Version 12.00
# Visual Studio Version 17
VisualStudioVersion = 17.6.33829.357
MinimumVisualStudioVersion = 10.0.40219.1
Project("{FAE04EC0-301F-11D3-BF4B-00C04F79EFBC}") = "TreeApplication", "TreeApplication\TreeApplication.csproj", "{F85384D8-63B2-4AE9-92C7-3A0583F99853}"
EndProject
Project("{FAE04EC0-301F-11D3-BF4B-00C04F79EFBC}") = "TreeApplication.DAL", "TreeApplication.DAL\TreeApplication.DAL.csproj", "{AD508190-FEFB-4408-95B0-A37998245BB5}"
EndProject
Global
	GlobalSection(SolutionConfigurationPlatforms) = preSolution
		Debug|Any CPU = Debug|Any CPU
		Release|Any CPU = Release|Any CPU
	EndGlobalSection
	GlobalSection(ProjectConfigurationPlatforms) = postSolution
		{F85384D8-63B2-4AE9-92C7-3A0583F99853}.Debug|Any CPU.ActiveCfg = Debug|Any CPU
		{F85384D8-63B2-4AE9-92C7-3A0583F99853}.Debug|Any CPU.Build.0 = Debug|Any CPU
		{F85384D8-63B2-4AE9-92C7-3A0583F99853}.Release|Any CPU.ActiveCfg = Release|Any CPU
		{F85384D8-63B2-4AE9-92C7-3A0583F99853}.Release|Any CPU.Build.0 = Release|Any CPU
		{AD508190-FEFB-4408-95B0-A37998245BB5}.Debug|Any CPU.ActiveCfg = Debug|Any CPU
		{AD508190-FEFB-4408-95B0-A37998245BB5}.Debug|Any CPU.Build.0 = Debug|Any CPU
		{AD508190-FEFB-4408-95B0-A37998245BB5}.Release|Any CPU.ActiveCfg = Release|Any CPU
		{AD508190-FEFB-4408-95B0-A37998245BB5}.Release|Any CPU.Build.0 = Release|Any CPU
	EndGlobalSection
	GlobalSection(SolutionProperties) = preSolution
		HideSolutionNode = FALSE
	EndGlobalSection
	GlobalSection(ExtensibilityGlobals) = postSolution
		SolutionGuid = {5237815B-7FDF-472E-B91F-52C3F5BBBBB6}
	EndGlobalSection
EndGlobal
